{
    "_readme": [
        "This file locks the dependencies of your project to a known state",
        "Read more about it at https://getcomposer.org/doc/01-basic-usage.md#composer-lock-the-lock-file",
        "This file is @generated automatically"
    ],
    "content-hash": "16e6c8d14ddba34ffb164594a3d20b4c",
    "packages": [
        {
            "name": "alrik11es/cowsayphp",
            "version": "1.2.0",
            "source": {
                "type": "git",
                "url": "https://github.com/alrik11es/cowsayphp.git",
                "reference": "080dc10c8f5420fef35163569293601f17124eeb"
            },
            "dist": {
                "type": "zip",
                "url": "https://api.github.com/repos/alrik11es/cowsayphp/zipball/080dc10c8f5420fef35163569293601f17124eeb",
                "reference": "080dc10c8f5420fef35163569293601f17124eeb",
                "shasum": ""
            },
            "require": {
                "php": ">=5.6.0"
            },
            "require-dev": {
                "phpunit/phpunit": "5.*",
                "scrutinizer/ocular": "~1.1"
            },
            "bin": [
                "bin/cowsayphp"
            ],
            "type": "library",
            "extra": {
                "branch-alias": {
                    "dev-master": "1.0-dev"
                }
            },
            "autoload": {
                "psr-4": {
                    "Cowsayphp\\": "src"
                }
            },
            "notification-url": "https://packagist.org/downloads/",
            "license": [
                "MIT"
            ],
            "authors": [
                {
                    "name": "Marcos Sigueros",
                    "email": "alrik11es@gmail.com",
                    "homepage": "https://github.com/alrik11es",
                    "role": "Developer"
                }
            ],
            "description": "Cowsay port in PHP",
            "homepage": "https://github.com/alrik11es/cowsayphp",
            "keywords": [
                "cowsay"
            ],
            "time": "2016-08-25T07:53:44+00:00"
        },
        {
            "name": "amphp/amp",
            "version": "v1.2.2",
            "source": {
                "type": "git",
                "url": "https://github.com/amphp/amp.git",
                "reference": "4f2161da5f68f274f116985635aea63b5c0f54d2"
            },
            "dist": {
                "type": "zip",
                "url": "https://api.github.com/repos/amphp/amp/zipball/4f2161da5f68f274f116985635aea63b5c0f54d2",
                "reference": "4f2161da5f68f274f116985635aea63b5c0f54d2",
                "shasum": ""
            },
            "require": {
                "php": ">=5.5"
            },
            "require-dev": {
                "fabpot/php-cs-fixer": "~1.9",
                "phpunit/phpunit": "~4.8"
            },
            "type": "library",
            "extra": {
                "branch-alias": {
                    "dev-master": "1.0.x-dev"
                }
            },
            "autoload": {
                "psr-4": {
                    "Amp\\": "lib/"
                },
                "files": [
                    "lib/functions.php"
                ]
            },
            "notification-url": "https://packagist.org/downloads/",
            "license": [
                "MIT"
            ],
            "authors": [
                {
                    "name": "Daniel Lowrey",
                    "email": "rdlowrey@php.net",
                    "role": "Creator / Lead Developer"
                }
            ],
            "description": "A non-blocking concurrency framework for PHP applications",
            "homepage": "https://github.com/amphp/amp",
            "keywords": [
                "async",
                "concurrency",
                "event",
                "non-blocking",
                "promise"
            ],
            "time": "2016-05-12T12:54:59+00:00"
        },
        {
            "name": "csanquer/pdo-service-provider",
            "version": "dev-master",
            "source": {
                "type": "git",
                "url": "https://github.com/csanquer/PdoServiceProvider.git",
                "reference": "da1cf8f457a3b6e8a9f64073466a2ce429201263"
            },
            "dist": {
                "type": "zip",
                "url": "https://api.github.com/repos/csanquer/PdoServiceProvider/zipball/da1cf8f457a3b6e8a9f64073466a2ce429201263",
                "reference": "da1cf8f457a3b6e8a9f64073466a2ce429201263",
                "shasum": ""
            },
            "require": {
                "silex/silex": "~2.0",
                "symfony/options-resolver": "~2.7|3.0.*"
            },
            "require-dev": {
                "phpunit/phpunit": "~4.8"
            },
            "type": "library",
            "extra": {
                "branch-alias": {
                    "dev-master": "1.1.x-dev"
                }
            },
            "autoload": {
                "psr-4": {
                    "Csanquer\\Silex\\PdoServiceProvider\\": "src/"
                }
            },
            "notification-url": "https://packagist.org/downloads/",
            "license": [
                "MIT"
            ],
            "authors": [
                {
                    "name": "Charles SANQUER",
                    "email": "charles.sanquer@gmail.com"
                }
            ],
            "description": "a PDO database service provider for silex",
            "keywords": [
                "database",
                "pdo",
                "service provider",
                "silex"
            ],
            "time": "2015-10-06 13:54:16"
        },
        {
            "name": "dg/rss-php",
            "version": "v1.2",
            "source": {
                "type": "git",
                "url": "https://github.com/dg/rss-php.git",
                "reference": "b33661748d89d8c0c288e8d86feada6018d05031"
            },
            "dist": {
                "type": "zip",
                "url": "https://api.github.com/repos/dg/rss-php/zipball/b33661748d89d8c0c288e8d86feada6018d05031",
                "reference": "b33661748d89d8c0c288e8d86feada6018d05031",
                "shasum": ""
            },
            "require": {
                "php": ">=5.2.2"
            },
            "type": "library",
            "autoload": {
                "classmap": [
                    "src/"
                ]
            },
            "notification-url": "https://packagist.org/downloads/",
            "license": [
                "BSD-3-Clause"
            ],
            "authors": [
                {
                    "name": "David Grudl",
                    "homepage": "http://davidgrudl.com"
                }
            ],
            "description": "RSS & Atom Feeds for PHP is a very small and easy-to-use library for consuming an RSS and Atom feed",
            "homepage": "https://github.com/dg/rss-php",
            "keywords": [
                "atom",
                "feed",
                "rss"
            ],
            "time": "2015-07-02T11:54:05+00:00"
        },
        {
            "name": "guzzlehttp/guzzle",
            "version": "6.3.0",
            "source": {
                "type": "git",
                "url": "https://github.com/guzzle/guzzle.git",
                "reference": "f4db5a78a5ea468d4831de7f0bf9d9415e348699"
            },
            "dist": {
                "type": "zip",
                "url": "https://api.github.com/repos/guzzle/guzzle/zipball/f4db5a78a5ea468d4831de7f0bf9d9415e348699",
                "reference": "f4db5a78a5ea468d4831de7f0bf9d9415e348699",
                "shasum": ""
            },
            "require": {
                "guzzlehttp/promises": "^1.0",
                "guzzlehttp/psr7": "^1.4",
                "php": ">=5.5"
            },
            "require-dev": {
                "ext-curl": "*",
                "phpunit/phpunit": "^4.0 || ^5.0",
                "psr/log": "^1.0"
            },
            "suggest": {
                "psr/log": "Required for using the Log middleware"
            },
            "type": "library",
            "extra": {
                "branch-alias": {
                    "dev-master": "6.2-dev"
                }
            },
            "autoload": {
                "files": [
                    "src/functions_include.php"
                ],
                "psr-4": {
                    "GuzzleHttp\\": "src/"
                }
            },
            "notification-url": "https://packagist.org/downloads/",
            "license": [
                "MIT"
            ],
            "authors": [
                {
                    "name": "Michael Dowling",
                    "email": "mtdowling@gmail.com",
                    "homepage": "https://github.com/mtdowling"
                }
            ],
            "description": "Guzzle is a PHP HTTP client library",
            "homepage": "http://guzzlephp.org/",
            "keywords": [
                "client",
                "curl",
                "framework",
                "http",
                "http client",
                "rest",
                "web service"
            ],
            "time": "2017-06-22T18:50:49+00:00"
        },
        {
            "name": "guzzlehttp/promises",
            "version": "v1.3.1",
            "source": {
                "type": "git",
                "url": "https://github.com/guzzle/promises.git",
                "reference": "a59da6cf61d80060647ff4d3eb2c03a2bc694646"
            },
            "dist": {
                "type": "zip",
                "url": "https://api.github.com/repos/guzzle/promises/zipball/a59da6cf61d80060647ff4d3eb2c03a2bc694646",
                "reference": "a59da6cf61d80060647ff4d3eb2c03a2bc694646",
                "shasum": ""
            },
            "require": {
                "php": ">=5.5.0"
            },
            "require-dev": {
                "phpunit/phpunit": "^4.0"
            },
            "type": "library",
            "extra": {
                "branch-alias": {
                    "dev-master": "1.4-dev"
                }
            },
            "autoload": {
                "psr-4": {
                    "GuzzleHttp\\Promise\\": "src/"
                },
                "files": [
                    "src/functions_include.php"
                ]
            },
            "notification-url": "https://packagist.org/downloads/",
            "license": [
                "MIT"
            ],
            "authors": [
                {
                    "name": "Michael Dowling",
                    "email": "mtdowling@gmail.com",
                    "homepage": "https://github.com/mtdowling"
                }
            ],
            "description": "Guzzle promises library",
            "keywords": [
                "promise"
            ],
            "time": "2016-12-20T10:07:11+00:00"
        },
        {
            "name": "guzzlehttp/psr7",
            "version": "1.4.2",
            "source": {
                "type": "git",
                "url": "https://github.com/guzzle/psr7.git",
                "reference": "f5b8a8512e2b58b0071a7280e39f14f72e05d87c"
            },
            "dist": {
                "type": "zip",
                "url": "https://api.github.com/repos/guzzle/psr7/zipball/f5b8a8512e2b58b0071a7280e39f14f72e05d87c",
                "reference": "f5b8a8512e2b58b0071a7280e39f14f72e05d87c",
                "shasum": ""
            },
            "require": {
                "php": ">=5.4.0",
                "psr/http-message": "~1.0"
            },
            "provide": {
                "psr/http-message-implementation": "1.0"
            },
            "require-dev": {
                "phpunit/phpunit": "~4.0"
            },
            "type": "library",
            "extra": {
                "branch-alias": {
                    "dev-master": "1.4-dev"
                }
            },
            "autoload": {
                "psr-4": {
                    "GuzzleHttp\\Psr7\\": "src/"
                },
                "files": [
                    "src/functions_include.php"
                ]
            },
            "notification-url": "https://packagist.org/downloads/",
            "license": [
                "MIT"
            ],
            "authors": [
                {
                    "name": "Michael Dowling",
                    "email": "mtdowling@gmail.com",
                    "homepage": "https://github.com/mtdowling"
                },
                {
                    "name": "Tobias Schultze",
                    "homepage": "https://github.com/Tobion"
                }
            ],
            "description": "PSR-7 message implementation that also provides common utility methods",
            "keywords": [
                "http",
                "message",
                "request",
                "response",
                "stream",
                "uri",
                "url"
            ],
            "time": "2017-03-20T17:10:46+00:00"
        },
        {
            "name": "pimple/pimple",
            "version": "v3.2.0",
            "source": {
                "type": "git",
                "url": "https://github.com/silexphp/Pimple.git",
                "reference": "729436408ef52f9845f9b60d60b2563f314bf1a9"
            },
            "dist": {
                "type": "zip",
                "url": "https://api.github.com/repos/silexphp/Pimple/zipball/729436408ef52f9845f9b60d60b2563f314bf1a9",
                "reference": "729436408ef52f9845f9b60d60b2563f314bf1a9",
                "shasum": ""
            },
            "require": {
                "php": ">=5.3.0",
                "psr/container": "^1.0"
            },
            "require-dev": {
                "symfony/phpunit-bridge": "^3.2"
            },
            "type": "library",
            "extra": {
                "branch-alias": {
                    "dev-master": "3.2.x-dev"
                }
            },
            "autoload": {
                "psr-0": {
                    "Pimple": "src/"
                }
            },
            "notification-url": "https://packagist.org/downloads/",
            "license": [
                "MIT"
            ],
            "authors": [
                {
                    "name": "Fabien Potencier",
                    "email": "fabien@symfony.com"
                }
            ],
            "description": "Pimple, a simple Dependency Injection Container",
            "homepage": "http://pimple.sensiolabs.org",
            "keywords": [
                "container",
                "dependency injection"
            ],
            "time": "2017-07-17T17:05:21+00:00"
        },
        {
            "name": "psr/container",
            "version": "1.0.0",
            "source": {
                "type": "git",
                "url": "https://github.com/php-fig/container.git",
                "reference": "b7ce3b176482dbbc1245ebf52b181af44c2cf55f"
            },
            "dist": {
                "type": "zip",
                "url": "https://api.github.com/repos/php-fig/container/zipball/b7ce3b176482dbbc1245ebf52b181af44c2cf55f",
                "reference": "b7ce3b176482dbbc1245ebf52b181af44c2cf55f",
                "shasum": ""
            },
            "require": {
                "php": ">=5.3.0"
            },
            "type": "library",
            "extra": {
                "branch-alias": {
                    "dev-master": "1.0.x-dev"
                }
            },
            "autoload": {
                "psr-4": {
                    "Psr\\Container\\": "src/"
                }
            },
            "notification-url": "https://packagist.org/downloads/",
            "license": [
                "MIT"
            ],
            "authors": [
                {
                    "name": "PHP-FIG",
                    "homepage": "http://www.php-fig.org/"
                }
            ],
            "description": "Common Container Interface (PHP FIG PSR-11)",
            "homepage": "https://github.com/php-fig/container",
            "keywords": [
                "PSR-11",
                "container",
                "container-interface",
                "container-interop",
                "psr"
            ],
            "time": "2017-02-14T16:28:37+00:00"
        },
        {
            "name": "psr/http-message",
            "version": "1.0.1",
            "source": {
                "type": "git",
                "url": "https://github.com/php-fig/http-message.git",
                "reference": "f6561bf28d520154e4b0ec72be95418abe6d9363"
            },
            "dist": {
                "type": "zip",
                "url": "https://api.github.com/repos/php-fig/http-message/zipball/f6561bf28d520154e4b0ec72be95418abe6d9363",
                "reference": "f6561bf28d520154e4b0ec72be95418abe6d9363",
                "shasum": ""
            },
            "require": {
                "php": ">=5.3.0"
            },
            "type": "library",
            "extra": {
                "branch-alias": {
                    "dev-master": "1.0.x-dev"
                }
            },
            "autoload": {
                "psr-4": {
                    "Psr\\Http\\Message\\": "src/"
                }
            },
            "notification-url": "https://packagist.org/downloads/",
            "license": [
                "MIT"
            ],
            "authors": [
                {
                    "name": "PHP-FIG",
                    "homepage": "http://www.php-fig.org/"
                }
            ],
            "description": "Common interface for HTTP messages",
            "homepage": "https://github.com/php-fig/http-message",
            "keywords": [
                "http",
                "http-message",
                "psr",
                "psr-7",
                "request",
                "response"
            ],
            "time": "2016-08-06T14:39:51+00:00"
        },
        {
            "name": "psr/log",
            "version": "1.0.2",
            "source": {
                "type": "git",
                "url": "https://github.com/php-fig/log.git",
                "reference": "4ebe3a8bf773a19edfe0a84b6585ba3d401b724d"
            },
            "dist": {
                "type": "zip",
                "url": "https://api.github.com/repos/php-fig/log/zipball/4ebe3a8bf773a19edfe0a84b6585ba3d401b724d",
                "reference": "4ebe3a8bf773a19edfe0a84b6585ba3d401b724d",
                "shasum": ""
            },
            "require": {
                "php": ">=5.3.0"
            },
            "type": "library",
            "extra": {
                "branch-alias": {
                    "dev-master": "1.0.x-dev"
                }
            },
            "autoload": {
                "psr-4": {
                    "Psr\\Log\\": "Psr/Log/"
                }
            },
            "notification-url": "https://packagist.org/downloads/",
            "license": [
                "MIT"
            ],
            "authors": [
                {
                    "name": "PHP-FIG",
                    "homepage": "http://www.php-fig.org/"
                }
            ],
            "description": "Common interface for logging libraries",
            "homepage": "https://github.com/php-fig/log",
            "keywords": [
                "log",
                "psr",
                "psr-3"
            ],
            "time": "2016-10-10T12:19:37+00:00"
        },
        {
            "name": "silex/silex",
            "version": "v2.1.0",
            "source": {
                "type": "git",
                "url": "https://github.com/silexphp/Silex.git",
                "reference": "d5a9d9af14a1424ddecc3da481769cf64e7d3b34"
            },
            "dist": {
                "type": "zip",
                "url": "https://api.github.com/repos/silexphp/Silex/zipball/d5a9d9af14a1424ddecc3da481769cf64e7d3b34",
                "reference": "d5a9d9af14a1424ddecc3da481769cf64e7d3b34",
                "shasum": ""
            },
            "require": {
                "php": ">=5.5.9",
                "pimple/pimple": "~3.0",
                "symfony/event-dispatcher": "~2.8|^3.0",
                "symfony/http-foundation": "~2.8|^3.0",
                "symfony/http-kernel": "~2.8|^3.0",
                "symfony/routing": "~2.8|^3.0"
            },
            "replace": {
                "silex/api": "self.version",
                "silex/providers": "self.version"
            },
            "require-dev": {
                "doctrine/dbal": "~2.2",
                "monolog/monolog": "^1.4.1",
                "swiftmailer/swiftmailer": "~5",
                "symfony/asset": "~2.8|^3.0",
                "symfony/browser-kit": "~2.8|^3.0",
                "symfony/config": "~2.8|^3.0",
                "symfony/css-selector": "~2.8|^3.0",
                "symfony/debug": "~2.8|^3.0",
                "symfony/doctrine-bridge": "~2.8|^3.0",
                "symfony/dom-crawler": "~2.8|^3.0",
                "symfony/expression-language": "~2.8|^3.0",
                "symfony/finder": "~2.8|^3.0",
                "symfony/form": "~2.8|^3.0",
                "symfony/intl": "~2.8|^3.0",
                "symfony/monolog-bridge": "~2.8|^3.0",
                "symfony/options-resolver": "~2.8|^3.0",
                "symfony/phpunit-bridge": "^3.2",
                "symfony/process": "~2.8|^3.0",
                "symfony/security": "~2.8|^3.0",
                "symfony/serializer": "~2.8|^3.0",
                "symfony/translation": "~2.8|^3.0",
                "symfony/twig-bridge": "~2.8|^3.0",
                "symfony/validator": "~2.8|^3.0",
                "symfony/var-dumper": "~2.8|^3.0",
                "symfony/web-link": "^3.3",
                "twig/twig": "~1.28|~2.0"
            },
            "type": "library",
            "extra": {
                "branch-alias": {
                    "dev-master": "2.1.x-dev"
                }
            },
            "autoload": {
                "psr-4": {
                    "Silex\\": "src/Silex"
                }
            },
            "notification-url": "https://packagist.org/downloads/",
            "license": [
                "MIT"
            ],
            "authors": [
                {
                    "name": "Fabien Potencier",
                    "email": "fabien@symfony.com"
                },
                {
                    "name": "Igor Wiedler",
                    "email": "igor@wiedler.ch"
                }
            ],
            "description": "The PHP micro-framework based on the Symfony Components",
            "homepage": "http://silex.sensiolabs.org",
            "keywords": [
                "microframework"
            ],
            "time": "2017-05-03T15:21:42+00:00"
        },
        {
            "name": "symfony/debug",
            "version": "v3.3.5",
            "source": {
                "type": "git",
                "url": "https://github.com/symfony/debug.git",
                "reference": "63b85a968486d95ff9542228dc2e4247f16f9743"
            },
            "dist": {
                "type": "zip",
                "url": "https://api.github.com/repos/symfony/debug/zipball/63b85a968486d95ff9542228dc2e4247f16f9743",
                "reference": "63b85a968486d95ff9542228dc2e4247f16f9743",
                "shasum": ""
            },
            "require": {
                "php": ">=5.5.9",
                "psr/log": "~1.0"
            },
            "conflict": {
                "symfony/http-kernel": ">=2.3,<2.3.24|~2.4.0|>=2.5,<2.5.9|>=2.6,<2.6.2"
            },
            "require-dev": {
                "symfony/http-kernel": "~2.8|~3.0"
            },
            "type": "library",
            "extra": {
                "branch-alias": {
                    "dev-master": "3.3-dev"
                }
            },
            "autoload": {
                "psr-4": {
                    "Symfony\\Component\\Debug\\": ""
                },
                "exclude-from-classmap": [
                    "/Tests/"
                ]
            },
            "notification-url": "https://packagist.org/downloads/",
            "license": [
                "MIT"
            ],
            "authors": [
                {
                    "name": "Fabien Potencier",
                    "email": "fabien@symfony.com"
                },
                {
                    "name": "Symfony Community",
                    "homepage": "https://symfony.com/contributors"
                }
            ],
            "description": "Symfony Debug Component",
            "homepage": "https://symfony.com",
            "time": "2017-07-05T13:02:37+00:00"
        },
        {
            "name": "symfony/event-dispatcher",
            "version": "v3.3.5",
            "source": {
                "type": "git",
                "url": "https://github.com/symfony/event-dispatcher.git",
                "reference": "67535f1e3fd662bdc68d7ba317c93eecd973617e"
            },
            "dist": {
                "type": "zip",
                "url": "https://api.github.com/repos/symfony/event-dispatcher/zipball/67535f1e3fd662bdc68d7ba317c93eecd973617e",
                "reference": "67535f1e3fd662bdc68d7ba317c93eecd973617e",
                "shasum": ""
            },
            "require": {
                "php": ">=5.5.9"
            },
            "conflict": {
                "symfony/dependency-injection": "<3.3"
            },
            "require-dev": {
                "psr/log": "~1.0",
                "symfony/config": "~2.8|~3.0",
                "symfony/dependency-injection": "~3.3",
                "symfony/expression-language": "~2.8|~3.0",
                "symfony/stopwatch": "~2.8|~3.0"
            },
            "suggest": {
                "symfony/dependency-injection": "",
                "symfony/http-kernel": ""
            },
            "type": "library",
            "extra": {
                "branch-alias": {
                    "dev-master": "3.3-dev"
                }
            },
            "autoload": {
                "psr-4": {
                    "Symfony\\Component\\EventDispatcher\\": ""
                },
                "exclude-from-classmap": [
                    "/Tests/"
                ]
            },
            "notification-url": "https://packagist.org/downloads/",
            "license": [
                "MIT"
            ],
            "authors": [
                {
                    "name": "Fabien Potencier",
                    "email": "fabien@symfony.com"
                },
                {
                    "name": "Symfony Community",
                    "homepage": "https://symfony.com/contributors"
                }
            ],
            "description": "Symfony EventDispatcher Component",
            "homepage": "https://symfony.com",
            "time": "2017-06-09T14:53:08+00:00"
        },
        {
            "name": "symfony/http-foundation",
            "version": "v3.3.5",
            "source": {
                "type": "git",
                "url": "https://github.com/symfony/http-foundation.git",
                "reference": "e307abe4b79ccbbfdced9b91c132fd128f456bc5"
            },
            "dist": {
                "type": "zip",
                "url": "https://api.github.com/repos/symfony/http-foundation/zipball/e307abe4b79ccbbfdced9b91c132fd128f456bc5",
                "reference": "e307abe4b79ccbbfdced9b91c132fd128f456bc5",
                "shasum": ""
            },
            "require": {
                "php": ">=5.5.9",
                "symfony/polyfill-mbstring": "~1.1"
            },
            "require-dev": {
                "symfony/expression-language": "~2.8|~3.0"
            },
            "type": "library",
            "extra": {
                "branch-alias": {
                    "dev-master": "3.3-dev"
                }
            },
            "autoload": {
                "psr-4": {
                    "Symfony\\Component\\HttpFoundation\\": ""
                },
                "exclude-from-classmap": [
                    "/Tests/"
                ]
            },
            "notification-url": "https://packagist.org/downloads/",
            "license": [
                "MIT"
            ],
            "authors": [
                {
                    "name": "Fabien Potencier",
                    "email": "fabien@symfony.com"
                },
                {
                    "name": "Symfony Community",
                    "homepage": "https://symfony.com/contributors"
                }
            ],
            "description": "Symfony HttpFoundation Component",
            "homepage": "https://symfony.com",
            "time": "2017-07-17T14:07:10+00:00"
        },
        {
            "name": "symfony/http-kernel",
            "version": "v3.3.5",
            "source": {
                "type": "git",
                "url": "https://github.com/symfony/http-kernel.git",
                "reference": "16ceea64d23abddf58797a782ae96a5242282cd8"
            },
            "dist": {
                "type": "zip",
                "url": "https://api.github.com/repos/symfony/http-kernel/zipball/16ceea64d23abddf58797a782ae96a5242282cd8",
                "reference": "16ceea64d23abddf58797a782ae96a5242282cd8",
                "shasum": ""
            },
            "require": {
                "php": ">=5.5.9",
                "psr/log": "~1.0",
                "symfony/debug": "~2.8|~3.0",
                "symfony/event-dispatcher": "~2.8|~3.0",
                "symfony/http-foundation": "~3.3"
            },
            "conflict": {
                "symfony/config": "<2.8",
                "symfony/dependency-injection": "<3.3",
                "symfony/var-dumper": "<3.3",
                "twig/twig": "<1.34|<2.4,>=2"
            },
            "require-dev": {
                "psr/cache": "~1.0",
                "symfony/browser-kit": "~2.8|~3.0",
                "symfony/class-loader": "~2.8|~3.0",
                "symfony/config": "~2.8|~3.0",
                "symfony/console": "~2.8|~3.0",
                "symfony/css-selector": "~2.8|~3.0",
                "symfony/dependency-injection": "~3.3",
                "symfony/dom-crawler": "~2.8|~3.0",
                "symfony/expression-language": "~2.8|~3.0",
                "symfony/finder": "~2.8|~3.0",
                "symfony/process": "~2.8|~3.0",
                "symfony/routing": "~2.8|~3.0",
                "symfony/stopwatch": "~2.8|~3.0",
                "symfony/templating": "~2.8|~3.0",
                "symfony/translation": "~2.8|~3.0",
                "symfony/var-dumper": "~3.3"
            },
            "suggest": {
                "symfony/browser-kit": "",
                "symfony/class-loader": "",
                "symfony/config": "",
                "symfony/console": "",
                "symfony/dependency-injection": "",
                "symfony/finder": "",
                "symfony/var-dumper": ""
            },
            "type": "library",
            "extra": {
                "branch-alias": {
                    "dev-master": "3.3-dev"
                }
            },
            "autoload": {
                "psr-4": {
                    "Symfony\\Component\\HttpKernel\\": ""
                },
                "exclude-from-classmap": [
                    "/Tests/"
                ]
            },
            "notification-url": "https://packagist.org/downloads/",
            "license": [
                "MIT"
            ],
            "authors": [
                {
                    "name": "Fabien Potencier",
                    "email": "fabien@symfony.com"
                },
                {
                    "name": "Symfony Community",
                    "homepage": "https://symfony.com/contributors"
                }
            ],
            "description": "Symfony HttpKernel Component",
            "homepage": "https://symfony.com",
            "time": "2017-07-17T19:08:23+00:00"
        },
        {
            "name": "symfony/options-resolver",
            "version": "v3.0.9",
            "source": {
                "type": "git",
                "url": "https://github.com/symfony/options-resolver.git",
                "reference": "77f7252e377e1dc021ba74defe12a19a45bb1212"
            },
            "dist": {
                "type": "zip",
                "url": "https://api.github.com/repos/symfony/options-resolver/zipball/77f7252e377e1dc021ba74defe12a19a45bb1212",
                "reference": "77f7252e377e1dc021ba74defe12a19a45bb1212",
                "shasum": ""
            },
            "require": {
                "php": ">=5.5.9"
            },
            "type": "library",
            "extra": {
                "branch-alias": {
                    "dev-master": "3.0-dev"
                }
            },
            "autoload": {
                "psr-4": {
                    "Symfony\\Component\\OptionsResolver\\": ""
                },
                "exclude-from-classmap": [
                    "/Tests/"
                ]
            },
            "notification-url": "https://packagist.org/downloads/",
            "license": [
                "MIT"
            ],
            "authors": [
                {
                    "name": "Fabien Potencier",
                    "email": "fabien@symfony.com"
                },
                {
                    "name": "Symfony Community",
                    "homepage": "https://symfony.com/contributors"
                }
            ],
            "description": "Symfony OptionsResolver Component",
            "homepage": "https://symfony.com",
            "keywords": [
                "config",
                "configuration",
                "options"
            ],
            "time": "2016-05-09T18:14:44+00:00"
        },
        {
            "name": "symfony/polyfill-mbstring",
            "version": "v1.4.0",
            "source": {
                "type": "git",
                "url": "https://github.com/symfony/polyfill-mbstring.git",
                "reference": "f29dca382a6485c3cbe6379f0c61230167681937"
            },
            "dist": {
                "type": "zip",
                "url": "https://api.github.com/repos/symfony/polyfill-mbstring/zipball/f29dca382a6485c3cbe6379f0c61230167681937",
                "reference": "f29dca382a6485c3cbe6379f0c61230167681937",
                "shasum": ""
            },
            "require": {
                "php": ">=5.3.3"
            },
            "suggest": {
                "ext-mbstring": "For best performance"
            },
            "type": "library",
            "extra": {
                "branch-alias": {
                    "dev-master": "1.4-dev"
                }
            },
            "autoload": {
                "psr-4": {
                    "Symfony\\Polyfill\\Mbstring\\": ""
                },
                "files": [
                    "bootstrap.php"
                ]
            },
            "notification-url": "https://packagist.org/downloads/",
            "license": [
                "MIT"
            ],
            "authors": [
                {
                    "name": "Nicolas Grekas",
                    "email": "p@tchwork.com"
                },
                {
                    "name": "Symfony Community",
                    "homepage": "https://symfony.com/contributors"
                }
            ],
            "description": "Symfony polyfill for the Mbstring extension",
            "homepage": "https://symfony.com",
            "keywords": [
                "compatibility",
                "mbstring",
                "polyfill",
                "portable",
                "shim"
            ],
            "time": "2017-06-09T14:24:12+00:00"
        },
        {
            "name": "symfony/routing",
            "version": "v3.3.5",
            "source": {
                "type": "git",
                "url": "https://github.com/symfony/routing.git",
                "reference": "dc70bbd0ca7b19259f63cdacc8af370bc32a4728"
            },
            "dist": {
                "type": "zip",
                "url": "https://api.github.com/repos/symfony/routing/zipball/dc70bbd0ca7b19259f63cdacc8af370bc32a4728",
                "reference": "dc70bbd0ca7b19259f63cdacc8af370bc32a4728",
                "shasum": ""
            },
            "require": {
                "php": ">=5.5.9"
            },
            "conflict": {
                "symfony/config": "<2.8",
                "symfony/dependency-injection": "<3.3",
                "symfony/yaml": "<3.3"
            },
            "require-dev": {
                "doctrine/annotations": "~1.0",
                "doctrine/common": "~2.2",
                "psr/log": "~1.0",
                "symfony/config": "~2.8|~3.0",
                "symfony/dependency-injection": "~3.3",
                "symfony/expression-language": "~2.8|~3.0",
                "symfony/http-foundation": "~2.8|~3.0",
                "symfony/yaml": "~3.3"
            },
            "suggest": {
                "doctrine/annotations": "For using the annotation loader",
                "symfony/config": "For using the all-in-one router or any loader",
                "symfony/dependency-injection": "For loading routes from a service",
                "symfony/expression-language": "For using expression matching",
                "symfony/http-foundation": "For using a Symfony Request object",
                "symfony/yaml": "For using the YAML loader"
            },
            "type": "library",
            "extra": {
                "branch-alias": {
                    "dev-master": "3.3-dev"
                }
            },
            "autoload": {
                "psr-4": {
                    "Symfony\\Component\\Routing\\": ""
                },
                "exclude-from-classmap": [
                    "/Tests/"
                ]
            },
            "notification-url": "https://packagist.org/downloads/",
            "license": [
                "MIT"
            ],
            "authors": [
                {
                    "name": "Fabien Potencier",
                    "email": "fabien@symfony.com"
                },
                {
                    "name": "Symfony Community",
                    "homepage": "https://symfony.com/contributors"
                }
            ],
            "description": "Symfony Routing Component",
            "homepage": "https://symfony.com",
            "keywords": [
                "router",
                "routing",
                "uri",
                "url"
            ],
            "time": "2017-06-24T09:29:48+00:00"
        },
        {
            "name": "zelenin/telegram-bot-api",
            "version": "0.0.10",
            "source": {
                "type": "git",
                "url": "https://github.com/zelenin/telegram-bot-api.git",
                "reference": "b82683a28ee47ee5bc933f398a8b0fe170beedc1"
            },
            "dist": {
                "type": "zip",
                "url": "https://api.github.com/repos/zelenin/telegram-bot-api/zipball/b82683a28ee47ee5bc933f398a8b0fe170beedc1",
                "reference": "b82683a28ee47ee5bc933f398a8b0fe170beedc1",
                "shasum": ""
            },
            "require": {
                "amphp/amp": "~1.0",
                "guzzlehttp/guzzle": "~6",
                "php": ">=5.5.0"
            },
            "suggest": {
                "ext/pcntl": "Usage of signal handler"
            },
            "type": "library",
            "autoload": {
                "psr-4": {
                    "Zelenin\\Telegram\\Bot\\": ""
                }
            },
            "notification-url": "https://packagist.org/downloads/",
            "license": [
                "MIT"
            ],
            "authors": [
                {
                    "name": "Aleksandr Zelenin",
                    "email": "aleksandr@zelenin.me",
                    "role": "Developer"
                }
            ],
            "description": "Telegram Bot API Client",
            "homepage": "https://github.com/zelenin/telegram-bot-api",
            "keywords": [
                "api",
                "bot",
                "telegram"
            ],
            "time": "2016-03-15T07:00:07+00:00"
        }
    ],
    "packages-dev": [],
    "aliases": [],
    "minimum-stability": "stable",
    "stability-flags": {
        "csanquer/pdo-service-provider": 20
    },
    "prefer-stable": false,
    "prefer-lowest": false,
    "platform": [],
    "platform-dev": []
}
